// !$*UTF8*$!
{
	archiveVersion = 1;
	classes = {
	};
	objectVersion = 46;
	objects = {

/* Begin PBXBuildFile section */
		34E55C6213B2C258D5C6AACE /* libPods.a in Frameworks */ = {isa = PBXBuildFile; fileRef = 507994C650B9383CBED34EBB /* libPods.a */; };
		C655B4F21C350BF4007498A5 /* VWWHUDContainerView.m in Sources */ = {isa = PBXBuildFile; fileRef = C655B4F01C350BF4007498A5 /* VWWHUDContainerView.m */; };
		C655B4F31C350BF4007498A5 /* VWWHUDContainerView.xib in Resources */ = {isa = PBXBuildFile; fileRef = C655B4F11C350BF4007498A5 /* VWWHUDContainerView.xib */; };
		C655B4FA1C350BFD007498A5 /* VWWHUDView.m in Sources */ = {isa = PBXBuildFile; fileRef = C655B4F51C350BFD007498A5 /* VWWHUDView.m */; };
		C655B4FB1C350BFD007498A5 /* VWWHUDSpeedView.m in Sources */ = {isa = PBXBuildFile; fileRef = C655B4F71C350BFD007498A5 /* VWWHUDSpeedView.m */; };
		C655B4FC1C350BFD007498A5 /* VWWHUDCoordinateView.m in Sources */ = {isa = PBXBuildFile; fileRef = C655B4F91C350BFD007498A5 /* VWWHUDCoordinateView.m */; };
		C655B5051C350C04007498A5 /* VWWHUDDateView.m in Sources */ = {isa = PBXBuildFile; fileRef = C655B4FE1C350C04007498A5 /* VWWHUDDateView.m */; };
		C655B5061C350C04007498A5 /* VWWHUDAltitudeView.m in Sources */ = {isa = PBXBuildFile; fileRef = C655B5001C350C04007498A5 /* VWWHUDAltitudeView.m */; };
		C655B5071C350C04007498A5 /* VWWHUDWatermarkView.m in Sources */ = {isa = PBXBuildFile; fileRef = C655B5021C350C04007498A5 /* VWWHUDWatermarkView.m */; };
		C655B5081C350C04007498A5 /* VWWHUDForcesView.m in Sources */ = {isa = PBXBuildFile; fileRef = C655B5041C350C04007498A5 /* VWWHUDForcesView.m */; };
		C655B50D1C350C0B007498A5 /* VWWHUDHeadingView.m in Sources */ = {isa = PBXBuildFile; fileRef = C655B50A1C350C0B007498A5 /* VWWHUDHeadingView.m */; };
		C655B50E1C350C0B007498A5 /* VWWHeadingGridView.m in Sources */ = {isa = PBXBuildFile; fileRef = C655B50C1C350C0B007498A5 /* VWWHeadingGridView.m */; };
		C655B5111C350C12007498A5 /* VWWHUDHomeView.m in Sources */ = {isa = PBXBuildFile; fileRef = C655B5101C350C12007498A5 /* VWWHUDHomeView.m */; };
		C655B5141C350C1A007498A5 /* VWWHUDAttitudeView.m in Sources */ = {isa = PBXBuildFile; fileRef = C655B5131C350C1A007498A5 /* VWWHUDAttitudeView.m */; };
		CF49936319CBD45F00399675 /* CoreLocation.framework in Frameworks */ = {isa = PBXBuildFile; fileRef = CF49936219CBD45F00399675 /* CoreLocation.framework */; };
		CF555E741B1AB5220094BFCD /* PHAsset+Utility.m in Sources */ = {isa = PBXBuildFile; fileRef = CF555E711B1AB5220094BFCD /* PHAsset+Utility.m */; };
		CF555E751B1AB5220094BFCD /* UIView+RenderToImage.m in Sources */ = {isa = PBXBuildFile; fileRef = CF555E731B1AB5220094BFCD /* UIView+RenderToImage.m */; };
		CF555E7B1B1D40310094BFCD /* TODO in Resources */ = {isa = PBXBuildFile; fileRef = CF555E7A1B1D40310094BFCD /* TODO */; };
		CF555E801B1D4EEF0094BFCD /* VWWAboutViewController.m in Sources */ = {isa = PBXBuildFile; fileRef = CF555E7F1B1D4EEF0094BFCD /* VWWAboutViewController.m */; };
		CF555E861B1D53B20094BFCD /* UIView+ParallaxMotion.m in Sources */ = {isa = PBXBuildFile; fileRef = CF555E851B1D53B20094BFCD /* UIView+ParallaxMotion.m */; };
		CFCB901819CBB88D00D05317 /* main.m in Sources */ = {isa = PBXBuildFile; fileRef = CFCB901719CBB88D00D05317 /* main.m */; };
		CFCB901B19CBB88D00D05317 /* AppDelegate.m in Sources */ = {isa = PBXBuildFile; fileRef = CFCB901A19CBB88D00D05317 /* AppDelegate.m */; };
		CFCB902119CBB88D00D05317 /* Main.storyboard in Resources */ = {isa = PBXBuildFile; fileRef = CFCB901F19CBB88D00D05317 /* Main.storyboard */; };
		CFCB902319CBB88D00D05317 /* Images.xcassets in Resources */ = {isa = PBXBuildFile; fileRef = CFCB902219CBB88D00D05317 /* Images.xcassets */; };
		CFCB902619CBB88D00D05317 /* LaunchScreen.xib in Resources */ = {isa = PBXBuildFile; fileRef = CFCB902419CBB88D00D05317 /* LaunchScreen.xib */; };
		CFCB903219CBB88D00D05317 /* RCToolsVideoTests.m in Sources */ = {isa = PBXBuildFile; fileRef = CFCB903119CBB88D00D05317 /* RCToolsVideoTests.m */; };
		CFCB905119CBB8FB00D05317 /* VWWSessionViewController.m in Sources */ = {isa = PBXBuildFile; fileRef = CFCB904819CBB8FB00D05317 /* VWWSessionViewController.m */; };
		CFCB905419CBBAAD00D05317 /* OpenGLES.framework in Frameworks */ = {isa = PBXBuildFile; fileRef = CFCB905319CBBAAD00D05317 /* OpenGLES.framework */; };
		CFCB905619CBBAB200D05317 /* Foundation.framework in Frameworks */ = {isa = PBXBuildFile; fileRef = CFCB905519CBBAB200D05317 /* Foundation.framework */; };
		CFCB905819CBBAB800D05317 /* UIKit.framework in Frameworks */ = {isa = PBXBuildFile; fileRef = CFCB905719CBBAB800D05317 /* UIKit.framework */; };
		CFCB905A19CBBABC00D05317 /* CoreGraphics.framework in Frameworks */ = {isa = PBXBuildFile; fileRef = CFCB905919CBBABC00D05317 /* CoreGraphics.framework */; };
		CFCB905C19CBBAC300D05317 /* AVFoundation.framework in Frameworks */ = {isa = PBXBuildFile; fileRef = CFCB905B19CBBAC200D05317 /* AVFoundation.framework */; };
		CFCB905E19CBBAC800D05317 /* CoreMedia.framework in Frameworks */ = {isa = PBXBuildFile; fileRef = CFCB905D19CBBAC800D05317 /* CoreMedia.framework */; };
		CFCB906019CBBACC00D05317 /* CoreVideo.framework in Frameworks */ = {isa = PBXBuildFile; fileRef = CFCB905F19CBBACC00D05317 /* CoreVideo.framework */; };
		CFCB906219CBBAD400D05317 /* MobileCoreServices.framework in Frameworks */ = {isa = PBXBuildFile; fileRef = CFCB906119CBBAD400D05317 /* MobileCoreServices.framework */; };
		CFCB906419CBBAD900D05317 /* AssetsLibrary.framework in Frameworks */ = {isa = PBXBuildFile; fileRef = CFCB906319CBBAD900D05317 /* AssetsLibrary.framework */; };
		CFCB906619CBBADE00D05317 /* QuartzCore.framework in Frameworks */ = {isa = PBXBuildFile; fileRef = CFCB906519CBBADE00D05317 /* QuartzCore.framework */; };
		CFD0989919CBCA3B00C88A76 /* VWWTableViewCell.m in Sources */ = {isa = PBXBuildFile; fileRef = CFD0988719CBCA3B00C88A76 /* VWWTableViewCell.m */; };
		CFD0989A19CBCA3B00C88A76 /* VWWTableViewController.m in Sources */ = {isa = PBXBuildFile; fileRef = CFD0988919CBCA3B00C88A76 /* VWWTableViewController.m */; };
		CFD0989B19CBCA3B00C88A76 /* VWWViewController.m in Sources */ = {isa = PBXBuildFile; fileRef = CFD0988B19CBCA3B00C88A76 /* VWWViewController.m */; };
		CFD0989C19CBCA3B00C88A76 /* VWWUserDefaults.m in Sources */ = {isa = PBXBuildFile; fileRef = CFD0989219CBCA3B00C88A76 /* VWWUserDefaults.m */; };
		CFD0989D19CBCA3B00C88A76 /* VWWUtilities.m in Sources */ = {isa = PBXBuildFile; fileRef = CFD0989419CBCA3B00C88A76 /* VWWUtilities.m */; };
		CFD098B919CBCB9B00C88A76 /* NSTimer+Blocks.m in Sources */ = {isa = PBXBuildFile; fileRef = CFD098B419CBCB9B00C88A76 /* NSTimer+Blocks.m */; };
		CFD098BA19CBCB9B00C88A76 /* UIFont+VWW.m in Sources */ = {isa = PBXBuildFile; fileRef = CFD098B619CBCB9B00C88A76 /* UIFont+VWW.m */; };
		CFD098BB19CBCB9B00C88A76 /* UIView+VWW.m in Sources */ = {isa = PBXBuildFile; fileRef = CFD098B819CBCB9B00C88A76 /* UIView+VWW.m */; };
		CFD098BE19CBCF0A00C88A76 /* VWWOptionsTableViewController.m in Sources */ = {isa = PBXBuildFile; fileRef = CFD098BD19CBCF0A00C88A76 /* VWWOptionsTableViewController.m */; };
/* End PBXBuildFile section */

/* Begin PBXContainerItemProxy section */
		CFCB902C19CBB88D00D05317 /* PBXContainerItemProxy */ = {
			isa = PBXContainerItemProxy;
			containerPortal = CFCB900A19CBB88D00D05317 /* Project object */;
			proxyType = 1;
			remoteGlobalIDString = CFCB901119CBB88D00D05317;
			remoteInfo = RCToolsVideo;
		};
/* End PBXContainerItemProxy section */

/* Begin PBXFileReference section */
		1CBBD9B6CD0C841A86702E8E /* Pods.debug.xcconfig */ = {isa = PBXFileReference; includeInIndex = 1; lastKnownFileType = text.xcconfig; name = Pods.debug.xcconfig; path = "Pods/Target Support Files/Pods/Pods.debug.xcconfig"; sourceTree = "<group>"; };
		507994C650B9383CBED34EBB /* libPods.a */ = {isa = PBXFileReference; explicitFileType = archive.ar; includeInIndex = 0; path = libPods.a; sourceTree = BUILT_PRODUCTS_DIR; };
		C655B4EF1C350BF4007498A5 /* VWWHUDContainerView.h */ = {isa = PBXFileReference; fileEncoding = 4; lastKnownFileType = sourcecode.c.h; path = VWWHUDContainerView.h; sourceTree = "<group>"; };
		C655B4F01C350BF4007498A5 /* VWWHUDContainerView.m */ = {isa = PBXFileReference; fileEncoding = 4; lastKnownFileType = sourcecode.c.objc; path = VWWHUDContainerView.m; sourceTree = "<group>"; };
		C655B4F11C350BF4007498A5 /* VWWHUDContainerView.xib */ = {isa = PBXFileReference; fileEncoding = 4; lastKnownFileType = file.xib; path = VWWHUDContainerView.xib; sourceTree = "<group>"; };
		C655B4F41C350BFD007498A5 /* VWWHUDView.h */ = {isa = PBXFileReference; fileEncoding = 4; lastKnownFileType = sourcecode.c.h; path = VWWHUDView.h; sourceTree = "<group>"; };
		C655B4F51C350BFD007498A5 /* VWWHUDView.m */ = {isa = PBXFileReference; fileEncoding = 4; lastKnownFileType = sourcecode.c.objc; path = VWWHUDView.m; sourceTree = "<group>"; };
		C655B4F61C350BFD007498A5 /* VWWHUDSpeedView.h */ = {isa = PBXFileReference; fileEncoding = 4; lastKnownFileType = sourcecode.c.h; path = VWWHUDSpeedView.h; sourceTree = "<group>"; };
		C655B4F71C350BFD007498A5 /* VWWHUDSpeedView.m */ = {isa = PBXFileReference; fileEncoding = 4; lastKnownFileType = sourcecode.c.objc; path = VWWHUDSpeedView.m; sourceTree = "<group>"; };
		C655B4F81C350BFD007498A5 /* VWWHUDCoordinateView.h */ = {isa = PBXFileReference; fileEncoding = 4; lastKnownFileType = sourcecode.c.h; path = VWWHUDCoordinateView.h; sourceTree = "<group>"; };
		C655B4F91C350BFD007498A5 /* VWWHUDCoordinateView.m */ = {isa = PBXFileReference; fileEncoding = 4; lastKnownFileType = sourcecode.c.objc; path = VWWHUDCoordinateView.m; sourceTree = "<group>"; };
		C655B4FD1C350C04007498A5 /* VWWHUDDateView.h */ = {isa = PBXFileReference; fileEncoding = 4; lastKnownFileType = sourcecode.c.h; path = VWWHUDDateView.h; sourceTree = "<group>"; };
		C655B4FE1C350C04007498A5 /* VWWHUDDateView.m */ = {isa = PBXFileReference; fileEncoding = 4; lastKnownFileType = sourcecode.c.objc; path = VWWHUDDateView.m; sourceTree = "<group>"; };
		C655B4FF1C350C04007498A5 /* VWWHUDAltitudeView.h */ = {isa = PBXFileReference; fileEncoding = 4; lastKnownFileType = sourcecode.c.h; path = VWWHUDAltitudeView.h; sourceTree = "<group>"; };
		C655B5001C350C04007498A5 /* VWWHUDAltitudeView.m */ = {isa = PBXFileReference; fileEncoding = 4; lastKnownFileType = sourcecode.c.objc; path = VWWHUDAltitudeView.m; sourceTree = "<group>"; };
		C655B5011C350C04007498A5 /* VWWHUDWatermarkView.h */ = {isa = PBXFileReference; fileEncoding = 4; lastKnownFileType = sourcecode.c.h; path = VWWHUDWatermarkView.h; sourceTree = "<group>"; };
		C655B5021C350C04007498A5 /* VWWHUDWatermarkView.m */ = {isa = PBXFileReference; fileEncoding = 4; lastKnownFileType = sourcecode.c.objc; path = VWWHUDWatermarkView.m; sourceTree = "<group>"; };
		C655B5031C350C04007498A5 /* VWWHUDForcesView.h */ = {isa = PBXFileReference; fileEncoding = 4; lastKnownFileType = sourcecode.c.h; path = VWWHUDForcesView.h; sourceTree = "<group>"; };
		C655B5041C350C04007498A5 /* VWWHUDForcesView.m */ = {isa = PBXFileReference; fileEncoding = 4; lastKnownFileType = sourcecode.c.objc; path = VWWHUDForcesView.m; sourceTree = "<group>"; };
		C655B5091C350C0B007498A5 /* VWWHUDHeadingView.h */ = {isa = PBXFileReference; fileEncoding = 4; lastKnownFileType = sourcecode.c.h; path = VWWHUDHeadingView.h; sourceTree = "<group>"; };
		C655B50A1C350C0B007498A5 /* VWWHUDHeadingView.m */ = {isa = PBXFileReference; fileEncoding = 4; lastKnownFileType = sourcecode.c.objc; path = VWWHUDHeadingView.m; sourceTree = "<group>"; };
		C655B50B1C350C0B007498A5 /* VWWHeadingGridView.h */ = {isa = PBXFileReference; fileEncoding = 4; lastKnownFileType = sourcecode.c.h; path = VWWHeadingGridView.h; sourceTree = "<group>"; };
		C655B50C1C350C0B007498A5 /* VWWHeadingGridView.m */ = {isa = PBXFileReference; fileEncoding = 4; lastKnownFileType = sourcecode.c.objc; path = VWWHeadingGridView.m; sourceTree = "<group>"; };
		C655B50F1C350C12007498A5 /* VWWHUDHomeView.h */ = {isa = PBXFileReference; fileEncoding = 4; lastKnownFileType = sourcecode.c.h; path = VWWHUDHomeView.h; sourceTree = "<group>"; };
		C655B5101C350C12007498A5 /* VWWHUDHomeView.m */ = {isa = PBXFileReference; fileEncoding = 4; lastKnownFileType = sourcecode.c.objc; path = VWWHUDHomeView.m; sourceTree = "<group>"; };
		C655B5121C350C1A007498A5 /* VWWHUDAttitudeView.h */ = {isa = PBXFileReference; fileEncoding = 4; lastKnownFileType = sourcecode.c.h; path = VWWHUDAttitudeView.h; sourceTree = "<group>"; };
		C655B5131C350C1A007498A5 /* VWWHUDAttitudeView.m */ = {isa = PBXFileReference; fileEncoding = 4; lastKnownFileType = sourcecode.c.objc; path = VWWHUDAttitudeView.m; sourceTree = "<group>"; };
		CF49936219CBD45F00399675 /* CoreLocation.framework */ = {isa = PBXFileReference; lastKnownFileType = wrapper.framework; name = CoreLocation.framework; path = System/Library/Frameworks/CoreLocation.framework; sourceTree = SDKROOT; };
		CF555E701B1AB5220094BFCD /* PHAsset+Utility.h */ = {isa = PBXFileReference; fileEncoding = 4; lastKnownFileType = sourcecode.c.h; path = "PHAsset+Utility.h"; sourceTree = "<group>"; };
		CF555E711B1AB5220094BFCD /* PHAsset+Utility.m */ = {isa = PBXFileReference; fileEncoding = 4; lastKnownFileType = sourcecode.c.objc; path = "PHAsset+Utility.m"; sourceTree = "<group>"; };
		CF555E721B1AB5220094BFCD /* UIView+RenderToImage.h */ = {isa = PBXFileReference; fileEncoding = 4; lastKnownFileType = sourcecode.c.h; path = "UIView+RenderToImage.h"; sourceTree = "<group>"; };
		CF555E731B1AB5220094BFCD /* UIView+RenderToImage.m */ = {isa = PBXFileReference; fileEncoding = 4; lastKnownFileType = sourcecode.c.objc; path = "UIView+RenderToImage.m"; sourceTree = "<group>"; };
		CF555E7A1B1D40310094BFCD /* TODO */ = {isa = PBXFileReference; fileEncoding = 4; lastKnownFileType = text; path = TODO; sourceTree = "<group>"; };
		CF555E7E1B1D4EEF0094BFCD /* VWWAboutViewController.h */ = {isa = PBXFileReference; fileEncoding = 4; lastKnownFileType = sourcecode.c.h; path = VWWAboutViewController.h; sourceTree = "<group>"; };
		CF555E7F1B1D4EEF0094BFCD /* VWWAboutViewController.m */ = {isa = PBXFileReference; fileEncoding = 4; lastKnownFileType = sourcecode.c.objc; path = VWWAboutViewController.m; sourceTree = "<group>"; };
		CF555E841B1D53B20094BFCD /* UIView+ParallaxMotion.h */ = {isa = PBXFileReference; fileEncoding = 4; lastKnownFileType = sourcecode.c.h; path = "UIView+ParallaxMotion.h"; sourceTree = "<group>"; };
		CF555E851B1D53B20094BFCD /* UIView+ParallaxMotion.m */ = {isa = PBXFileReference; fileEncoding = 4; lastKnownFileType = sourcecode.c.objc; path = "UIView+ParallaxMotion.m"; sourceTree = "<group>"; };
		CFCB901219CBB88D00D05317 /* RCToolsVideo.app */ = {isa = PBXFileReference; explicitFileType = wrapper.application; includeInIndex = 0; path = RCToolsVideo.app; sourceTree = BUILT_PRODUCTS_DIR; };
		CFCB901619CBB88D00D05317 /* Info.plist */ = {isa = PBXFileReference; lastKnownFileType = text.plist.xml; path = Info.plist; sourceTree = "<group>"; };
		CFCB901719CBB88D00D05317 /* main.m */ = {isa = PBXFileReference; lastKnownFileType = sourcecode.c.objc; path = main.m; sourceTree = "<group>"; };
		CFCB901919CBB88D00D05317 /* AppDelegate.h */ = {isa = PBXFileReference; lastKnownFileType = sourcecode.c.h; path = AppDelegate.h; sourceTree = "<group>"; };
		CFCB901A19CBB88D00D05317 /* AppDelegate.m */ = {isa = PBXFileReference; lastKnownFileType = sourcecode.c.objc; path = AppDelegate.m; sourceTree = "<group>"; };
		CFCB902019CBB88D00D05317 /* Base */ = {isa = PBXFileReference; lastKnownFileType = file.storyboard; name = Base; path = Base.lproj/Main.storyboard; sourceTree = "<group>"; };
		CFCB902219CBB88D00D05317 /* Images.xcassets */ = {isa = PBXFileReference; lastKnownFileType = folder.assetcatalog; path = Images.xcassets; sourceTree = "<group>"; };
		CFCB902519CBB88D00D05317 /* Base */ = {isa = PBXFileReference; lastKnownFileType = file.xib; name = Base; path = Base.lproj/LaunchScreen.xib; sourceTree = "<group>"; };
		CFCB902B19CBB88D00D05317 /* RCToolsVideoTests.xctest */ = {isa = PBXFileReference; explicitFileType = wrapper.cfbundle; includeInIndex = 0; path = RCToolsVideoTests.xctest; sourceTree = BUILT_PRODUCTS_DIR; };
		CFCB903019CBB88D00D05317 /* Info.plist */ = {isa = PBXFileReference; lastKnownFileType = text.plist.xml; path = Info.plist; sourceTree = "<group>"; };
		CFCB903119CBB88D00D05317 /* RCToolsVideoTests.m */ = {isa = PBXFileReference; lastKnownFileType = sourcecode.c.objc; path = RCToolsVideoTests.m; sourceTree = "<group>"; };
		CFCB904719CBB8FB00D05317 /* VWWSessionViewController.h */ = {isa = PBXFileReference; fileEncoding = 4; lastKnownFileType = sourcecode.c.h; name = VWWSessionViewController.h; path = ../Classes/VWWSessionViewController.h; sourceTree = "<group>"; };
		CFCB904819CBB8FB00D05317 /* VWWSessionViewController.m */ = {isa = PBXFileReference; fileEncoding = 4; lastKnownFileType = sourcecode.c.objc; name = VWWSessionViewController.m; path = ../Classes/VWWSessionViewController.m; sourceTree = "<group>"; };
		CFCB905319CBBAAD00D05317 /* OpenGLES.framework */ = {isa = PBXFileReference; lastKnownFileType = wrapper.framework; name = OpenGLES.framework; path = System/Library/Frameworks/OpenGLES.framework; sourceTree = SDKROOT; };
		CFCB905519CBBAB200D05317 /* Foundation.framework */ = {isa = PBXFileReference; lastKnownFileType = wrapper.framework; name = Foundation.framework; path = System/Library/Frameworks/Foundation.framework; sourceTree = SDKROOT; };
		CFCB905719CBBAB800D05317 /* UIKit.framework */ = {isa = PBXFileReference; lastKnownFileType = wrapper.framework; name = UIKit.framework; path = System/Library/Frameworks/UIKit.framework; sourceTree = SDKROOT; };
		CFCB905919CBBABC00D05317 /* CoreGraphics.framework */ = {isa = PBXFileReference; lastKnownFileType = wrapper.framework; name = CoreGraphics.framework; path = System/Library/Frameworks/CoreGraphics.framework; sourceTree = SDKROOT; };
		CFCB905B19CBBAC200D05317 /* AVFoundation.framework */ = {isa = PBXFileReference; lastKnownFileType = wrapper.framework; name = AVFoundation.framework; path = System/Library/Frameworks/AVFoundation.framework; sourceTree = SDKROOT; };
		CFCB905D19CBBAC800D05317 /* CoreMedia.framework */ = {isa = PBXFileReference; lastKnownFileType = wrapper.framework; name = CoreMedia.framework; path = System/Library/Frameworks/CoreMedia.framework; sourceTree = SDKROOT; };
		CFCB905F19CBBACC00D05317 /* CoreVideo.framework */ = {isa = PBXFileReference; lastKnownFileType = wrapper.framework; name = CoreVideo.framework; path = System/Library/Frameworks/CoreVideo.framework; sourceTree = SDKROOT; };
		CFCB906119CBBAD400D05317 /* MobileCoreServices.framework */ = {isa = PBXFileReference; lastKnownFileType = wrapper.framework; name = MobileCoreServices.framework; path = System/Library/Frameworks/MobileCoreServices.framework; sourceTree = SDKROOT; };
		CFCB906319CBBAD900D05317 /* AssetsLibrary.framework */ = {isa = PBXFileReference; lastKnownFileType = wrapper.framework; name = AssetsLibrary.framework; path = System/Library/Frameworks/AssetsLibrary.framework; sourceTree = SDKROOT; };
		CFCB906519CBBADE00D05317 /* QuartzCore.framework */ = {isa = PBXFileReference; lastKnownFileType = wrapper.framework; name = QuartzCore.framework; path = System/Library/Frameworks/QuartzCore.framework; sourceTree = SDKROOT; };
		CFD0988619CBCA3B00C88A76 /* VWWTableViewCell.h */ = {isa = PBXFileReference; fileEncoding = 4; lastKnownFileType = sourcecode.c.h; path = VWWTableViewCell.h; sourceTree = "<group>"; };
		CFD0988719CBCA3B00C88A76 /* VWWTableViewCell.m */ = {isa = PBXFileReference; fileEncoding = 4; lastKnownFileType = sourcecode.c.objc; path = VWWTableViewCell.m; sourceTree = "<group>"; };
		CFD0988819CBCA3B00C88A76 /* VWWTableViewController.h */ = {isa = PBXFileReference; fileEncoding = 4; lastKnownFileType = sourcecode.c.h; path = VWWTableViewController.h; sourceTree = "<group>"; };
		CFD0988919CBCA3B00C88A76 /* VWWTableViewController.m */ = {isa = PBXFileReference; fileEncoding = 4; lastKnownFileType = sourcecode.c.objc; path = VWWTableViewController.m; sourceTree = "<group>"; };
		CFD0988A19CBCA3B00C88A76 /* VWWViewController.h */ = {isa = PBXFileReference; fileEncoding = 4; lastKnownFileType = sourcecode.c.h; path = VWWViewController.h; sourceTree = "<group>"; };
		CFD0988B19CBCA3B00C88A76 /* VWWViewController.m */ = {isa = PBXFileReference; fileEncoding = 4; lastKnownFileType = sourcecode.c.objc; path = VWWViewController.m; sourceTree = "<group>"; };
		CFD0988D19CBCA3B00C88A76 /* VWW.h */ = {isa = PBXFileReference; fileEncoding = 4; lastKnownFileType = sourcecode.c.h; path = VWW.h; sourceTree = "<group>"; };
		CFD0988E19CBCA3B00C88A76 /* VWWBlocks.h */ = {isa = PBXFileReference; fileEncoding = 4; lastKnownFileType = sourcecode.c.h; path = VWWBlocks.h; sourceTree = "<group>"; };
		CFD0988F19CBCA3B00C88A76 /* VWWDefines.h */ = {isa = PBXFileReference; fileEncoding = 4; lastKnownFileType = sourcecode.c.h; path = VWWDefines.h; sourceTree = "<group>"; };
		CFD0989019CBCA3B00C88A76 /* VWWTypes.h */ = {isa = PBXFileReference; fileEncoding = 4; lastKnownFileType = sourcecode.c.h; path = VWWTypes.h; sourceTree = "<group>"; };
		CFD0989119CBCA3B00C88A76 /* VWWUserDefaults.h */ = {isa = PBXFileReference; fileEncoding = 4; lastKnownFileType = sourcecode.c.h; path = VWWUserDefaults.h; sourceTree = "<group>"; };
		CFD0989219CBCA3B00C88A76 /* VWWUserDefaults.m */ = {isa = PBXFileReference; fileEncoding = 4; lastKnownFileType = sourcecode.c.objc; path = VWWUserDefaults.m; sourceTree = "<group>"; };
		CFD0989319CBCA3B00C88A76 /* VWWUtilities.h */ = {isa = PBXFileReference; fileEncoding = 4; lastKnownFileType = sourcecode.c.h; path = VWWUtilities.h; sourceTree = "<group>"; };
		CFD0989419CBCA3B00C88A76 /* VWWUtilities.m */ = {isa = PBXFileReference; fileEncoding = 4; lastKnownFileType = sourcecode.c.objc; path = VWWUtilities.m; sourceTree = "<group>"; };
		CFD098B319CBCB9B00C88A76 /* NSTimer+Blocks.h */ = {isa = PBXFileReference; fileEncoding = 4; lastKnownFileType = sourcecode.c.h; path = "NSTimer+Blocks.h"; sourceTree = "<group>"; };
		CFD098B419CBCB9B00C88A76 /* NSTimer+Blocks.m */ = {isa = PBXFileReference; fileEncoding = 4; lastKnownFileType = sourcecode.c.objc; path = "NSTimer+Blocks.m"; sourceTree = "<group>"; };
		CFD098B519CBCB9B00C88A76 /* UIFont+VWW.h */ = {isa = PBXFileReference; fileEncoding = 4; lastKnownFileType = sourcecode.c.h; path = "UIFont+VWW.h"; sourceTree = "<group>"; };
		CFD098B619CBCB9B00C88A76 /* UIFont+VWW.m */ = {isa = PBXFileReference; fileEncoding = 4; lastKnownFileType = sourcecode.c.objc; path = "UIFont+VWW.m"; sourceTree = "<group>"; };
		CFD098B719CBCB9B00C88A76 /* UIView+VWW.h */ = {isa = PBXFileReference; fileEncoding = 4; lastKnownFileType = sourcecode.c.h; path = "UIView+VWW.h"; sourceTree = "<group>"; };
		CFD098B819CBCB9B00C88A76 /* UIView+VWW.m */ = {isa = PBXFileReference; fileEncoding = 4; lastKnownFileType = sourcecode.c.objc; path = "UIView+VWW.m"; sourceTree = "<group>"; };
		CFD098BC19CBCF0A00C88A76 /* VWWOptionsTableViewController.h */ = {isa = PBXFileReference; fileEncoding = 4; lastKnownFileType = sourcecode.c.h; path = VWWOptionsTableViewController.h; sourceTree = "<group>"; };
		CFD098BD19CBCF0A00C88A76 /* VWWOptionsTableViewController.m */ = {isa = PBXFileReference; fileEncoding = 4; lastKnownFileType = sourcecode.c.objc; path = VWWOptionsTableViewController.m; sourceTree = "<group>"; };
		E55DB198D6EB8B40550DAAF6 /* Pods.release.xcconfig */ = {isa = PBXFileReference; includeInIndex = 1; lastKnownFileType = text.xcconfig; name = Pods.release.xcconfig; path = "Pods/Target Support Files/Pods/Pods.release.xcconfig"; sourceTree = "<group>"; };
/* End PBXFileReference section */

/* Begin PBXFrameworksBuildPhase section */
		CFCB900F19CBB88D00D05317 /* Frameworks */ = {
			isa = PBXFrameworksBuildPhase;
			buildActionMask = 2147483647;
			files = (
				CF49936319CBD45F00399675 /* CoreLocation.framework in Frameworks */,
				CFCB906619CBBADE00D05317 /* QuartzCore.framework in Frameworks */,
				CFCB906419CBBAD900D05317 /* AssetsLibrary.framework in Frameworks */,
				CFCB906219CBBAD400D05317 /* MobileCoreServices.framework in Frameworks */,
				CFCB906019CBBACC00D05317 /* CoreVideo.framework in Frameworks */,
				CFCB905E19CBBAC800D05317 /* CoreMedia.framework in Frameworks */,
				CFCB905C19CBBAC300D05317 /* AVFoundation.framework in Frameworks */,
				CFCB905A19CBBABC00D05317 /* CoreGraphics.framework in Frameworks */,
				CFCB905819CBBAB800D05317 /* UIKit.framework in Frameworks */,
				CFCB905619CBBAB200D05317 /* Foundation.framework in Frameworks */,
				CFCB905419CBBAAD00D05317 /* OpenGLES.framework in Frameworks */,
				34E55C6213B2C258D5C6AACE /* libPods.a in Frameworks */,
			);
			runOnlyForDeploymentPostprocessing = 0;
		};
		CFCB902819CBB88D00D05317 /* Frameworks */ = {
			isa = PBXFrameworksBuildPhase;
			buildActionMask = 2147483647;
			files = (
			);
			runOnlyForDeploymentPostprocessing = 0;
		};
/* End PBXFrameworksBuildPhase section */

/* Begin PBXGroup section */
		0041E5AC55A9A1474C4734FA /* Pods */ = {
			isa = PBXGroup;
			children = (
				1CBBD9B6CD0C841A86702E8E /* Pods.debug.xcconfig */,
				E55DB198D6EB8B40550DAAF6 /* Pods.release.xcconfig */,
			);
			name = Pods;
			sourceTree = "<group>";
		};
		A25BA2DD7F16D81A3184DB65 /* Frameworks */ = {
			isa = PBXGroup;
			children = (
				507994C650B9383CBED34EBB /* libPods.a */,
			);
			name = Frameworks;
			sourceTree = "<group>";
		};
		CF2F415519CC0C86008B68DD /* Options */ = {
			isa = PBXGroup;
			children = (
				CFD098BC19CBCF0A00C88A76 /* VWWOptionsTableViewController.h */,
				CFD098BD19CBCF0A00C88A76 /* VWWOptionsTableViewController.m */,
			);
			name = Options;
			sourceTree = "<group>";
		};
		CF555E871B1D55520094BFCD /* About */ = {
			isa = PBXGroup;
			children = (
				CF555E7E1B1D4EEF0094BFCD /* VWWAboutViewController.h */,
				CF555E7F1B1D4EEF0094BFCD /* VWWAboutViewController.m */,
			);
			name = About;
			sourceTree = "<group>";
		};
		CF555E881B1D556C0094BFCD /* Documents */ = {
			isa = PBXGroup;
			children = (
				CF555E7A1B1D40310094BFCD /* TODO */,
			);
			name = Documents;
			sourceTree = "<group>";
		};
		CFCB900919CBB88D00D05317 = {
			isa = PBXGroup;
			children = (
				CFCB901419CBB88D00D05317 /* RCToolsVideo */,
				CFCB902E19CBB88D00D05317 /* RCToolsVideoTests */,
				CFCB901319CBB88D00D05317 /* Products */,
				0041E5AC55A9A1474C4734FA /* Pods */,
				A25BA2DD7F16D81A3184DB65 /* Frameworks */,
			);
			sourceTree = "<group>";
		};
		CFCB901319CBB88D00D05317 /* Products */ = {
			isa = PBXGroup;
			children = (
				CFCB901219CBB88D00D05317 /* RCToolsVideo.app */,
				CFCB902B19CBB88D00D05317 /* RCToolsVideoTests.xctest */,
			);
			name = Products;
			sourceTree = "<group>";
		};
		CFCB901419CBB88D00D05317 /* RCToolsVideo */ = {
			isa = PBXGroup;
			children = (
				CFD098B219CBCB9B00C88A76 /* Categories */,
				CF555E881B1D556C0094BFCD /* Documents */,
				CFD0987B19CBBD8E00C88A76 /* Frameworks */,
				CFCB902219CBB88D00D05317 /* Images.xcassets */,
				CFD0988C19CBCA3B00C88A76 /* Include */,
				CFCB901519CBB88D00D05317 /* Supporting Files */,
				CFD0987A19CBBD5F00C88A76 /* UserInterface */,
				CFD098A719CBCABF00C88A76 /* View */,
				CFD0987C19CBCA3B00C88A76 /* ViewControllers */,
			);
			path = RCToolsVideo;
			sourceTree = "<group>";
		};
		CFCB901519CBB88D00D05317 /* Supporting Files */ = {
			isa = PBXGroup;
			children = (
				CFCB901919CBB88D00D05317 /* AppDelegate.h */,
				CFCB901A19CBB88D00D05317 /* AppDelegate.m */,
				CFCB901619CBB88D00D05317 /* Info.plist */,
				CFCB901719CBB88D00D05317 /* main.m */,
			);
			name = "Supporting Files";
			sourceTree = "<group>";
		};
		CFCB902E19CBB88D00D05317 /* RCToolsVideoTests */ = {
			isa = PBXGroup;
			children = (
				CFCB903119CBB88D00D05317 /* RCToolsVideoTests.m */,
				CFCB902F19CBB88D00D05317 /* Supporting Files */,
			);
			path = RCToolsVideoTests;
			sourceTree = "<group>";
		};
		CFCB902F19CBB88D00D05317 /* Supporting Files */ = {
			isa = PBXGroup;
			children = (
				CFCB903019CBB88D00D05317 /* Info.plist */,
			);
			name = "Supporting Files";
			sourceTree = "<group>";
		};
		CFD0987A19CBBD5F00C88A76 /* UserInterface */ = {
			isa = PBXGroup;
			children = (
				CFCB901F19CBB88D00D05317 /* Main.storyboard */,
				CFCB902419CBB88D00D05317 /* LaunchScreen.xib */,
			);
			name = UserInterface;
			sourceTree = "<group>";
		};
		CFD0987B19CBBD8E00C88A76 /* Frameworks */ = {
			isa = PBXGroup;
			children = (
				CF49936219CBD45F00399675 /* CoreLocation.framework */,
				CFCB906519CBBADE00D05317 /* QuartzCore.framework */,
				CFCB906319CBBAD900D05317 /* AssetsLibrary.framework */,
				CFCB906119CBBAD400D05317 /* MobileCoreServices.framework */,
				CFCB905F19CBBACC00D05317 /* CoreVideo.framework */,
				CFCB905D19CBBAC800D05317 /* CoreMedia.framework */,
				CFCB905B19CBBAC200D05317 /* AVFoundation.framework */,
				CFCB905919CBBABC00D05317 /* CoreGraphics.framework */,
				CFCB905719CBBAB800D05317 /* UIKit.framework */,
				CFCB905519CBBAB200D05317 /* Foundation.framework */,
				CFCB905319CBBAAD00D05317 /* OpenGLES.framework */,
			);
			name = Frameworks;
			path = ..;
			sourceTree = "<group>";
		};
		CFD0987C19CBCA3B00C88A76 /* ViewControllers */ = {
			isa = PBXGroup;
			children = (
				CF555E871B1D55520094BFCD /* About */,
				CFD0989F19CBCA5400C88A76 /* Base */,
				CF2F415519CC0C86008B68DD /* Options */,
				CFD098A519CBCAAA00C88A76 /* Session */,
			);
			name = ViewControllers;
			path = Controllers;
			sourceTree = "<group>";
		};
		CFD0988C19CBCA3B00C88A76 /* Include */ = {
			isa = PBXGroup;
			children = (
				CFD0988D19CBCA3B00C88A76 /* VWW.h */,
				CFD0988E19CBCA3B00C88A76 /* VWWBlocks.h */,
				CFD0988F19CBCA3B00C88A76 /* VWWDefines.h */,
				CFD0989019CBCA3B00C88A76 /* VWWTypes.h */,
				CFD0989119CBCA3B00C88A76 /* VWWUserDefaults.h */,
				CFD0989219CBCA3B00C88A76 /* VWWUserDefaults.m */,
				CFD0989319CBCA3B00C88A76 /* VWWUtilities.h */,
				CFD0989419CBCA3B00C88A76 /* VWWUtilities.m */,
			);
			path = Include;
			sourceTree = "<group>";
		};
		CFD0989F19CBCA5400C88A76 /* Base */ = {
			isa = PBXGroup;
			children = (
				CFD0988619CBCA3B00C88A76 /* VWWTableViewCell.h */,
				CFD0988719CBCA3B00C88A76 /* VWWTableViewCell.m */,
				CFD0988819CBCA3B00C88A76 /* VWWTableViewController.h */,
				CFD0988919CBCA3B00C88A76 /* VWWTableViewController.m */,
				CFD0988A19CBCA3B00C88A76 /* VWWViewController.h */,
				CFD0988B19CBCA3B00C88A76 /* VWWViewController.m */,
			);
			name = Base;
			sourceTree = "<group>";
		};
		CFD098A519CBCAAA00C88A76 /* Session */ = {
			isa = PBXGroup;
			children = (
				CFCB904719CBB8FB00D05317 /* VWWSessionViewController.h */,
				CFCB904819CBB8FB00D05317 /* VWWSessionViewController.m */,
			);
			name = Session;
			sourceTree = "<group>";
		};
		CFD098A719CBCABF00C88A76 /* View */ = {
			isa = PBXGroup;
			children = (
				C655B4EF1C350BF4007498A5 /* VWWHUDContainerView.h */,
				C655B4F01C350BF4007498A5 /* VWWHUDContainerView.m */,
				C655B4F11C350BF4007498A5 /* VWWHUDContainerView.xib */,
				C655B4F41C350BFD007498A5 /* VWWHUDView.h */,
				C655B4F51C350BFD007498A5 /* VWWHUDView.m */,
				C655B4F61C350BFD007498A5 /* VWWHUDSpeedView.h */,
				C655B4F71C350BFD007498A5 /* VWWHUDSpeedView.m */,
				C655B4F81C350BFD007498A5 /* VWWHUDCoordinateView.h */,
				C655B4F91C350BFD007498A5 /* VWWHUDCoordinateView.m */,
				C655B4FD1C350C04007498A5 /* VWWHUDDateView.h */,
				C655B4FE1C350C04007498A5 /* VWWHUDDateView.m */,
				C655B4FF1C350C04007498A5 /* VWWHUDAltitudeView.h */,
				C655B5001C350C04007498A5 /* VWWHUDAltitudeView.m */,
				C655B5011C350C04007498A5 /* VWWHUDWatermarkView.h */,
				C655B5021C350C04007498A5 /* VWWHUDWatermarkView.m */,
				C655B5031C350C04007498A5 /* VWWHUDForcesView.h */,
				C655B5041C350C04007498A5 /* VWWHUDForcesView.m */,
				C655B5091C350C0B007498A5 /* VWWHUDHeadingView.h */,
				C655B50A1C350C0B007498A5 /* VWWHUDHeadingView.m */,
				C655B50B1C350C0B007498A5 /* VWWHeadingGridView.h */,
				C655B50C1C350C0B007498A5 /* VWWHeadingGridView.m */,
				C655B50F1C350C12007498A5 /* VWWHUDHomeView.h */,
				C655B5101C350C12007498A5 /* VWWHUDHomeView.m */,
				C655B5121C350C1A007498A5 /* VWWHUDAttitudeView.h */,
				C655B5131C350C1A007498A5 /* VWWHUDAttitudeView.m */,
			);
			name = View;
			sourceTree = "<group>";
		};
		CFD098B219CBCB9B00C88A76 /* Categories */ = {
			isa = PBXGroup;
			children = (
				CF555E701B1AB5220094BFCD /* PHAsset+Utility.h */,
				CF555E711B1AB5220094BFCD /* PHAsset+Utility.m */,
				CF555E721B1AB5220094BFCD /* UIView+RenderToImage.h */,
				CF555E731B1AB5220094BFCD /* UIView+RenderToImage.m */,
				CFD098B319CBCB9B00C88A76 /* NSTimer+Blocks.h */,
				CFD098B419CBCB9B00C88A76 /* NSTimer+Blocks.m */,
				CFD098B519CBCB9B00C88A76 /* UIFont+VWW.h */,
				CFD098B619CBCB9B00C88A76 /* UIFont+VWW.m */,
				CFD098B719CBCB9B00C88A76 /* UIView+VWW.h */,
				CFD098B819CBCB9B00C88A76 /* UIView+VWW.m */,
				CF555E841B1D53B20094BFCD /* UIView+ParallaxMotion.h */,
				CF555E851B1D53B20094BFCD /* UIView+ParallaxMotion.m */,
			);
			path = Categories;
			sourceTree = "<group>";
		};
/* End PBXGroup section */

/* Begin PBXNativeTarget section */
		CFCB901119CBB88D00D05317 /* RCToolsVideo */ = {
			isa = PBXNativeTarget;
			buildConfigurationList = CFCB903519CBB88D00D05317 /* Build configuration list for PBXNativeTarget "RCToolsVideo" */;
			buildPhases = (
				26DD7CC8670DF3B503247B34 /* Check Pods Manifest.lock */,
				CFCB900E19CBB88D00D05317 /* Sources */,
				CFCB900F19CBB88D00D05317 /* Frameworks */,
				CFCB901019CBB88D00D05317 /* Resources */,
				54F6D1A57129AF2F351E90A3 /* Copy Pods Resources */,
			);
			buildRules = (
			);
			dependencies = (
			);
			name = RCToolsVideo;
			productName = RCToolsVideo;
			productReference = CFCB901219CBB88D00D05317 /* RCToolsVideo.app */;
			productType = "com.apple.product-type.application";
		};
		CFCB902A19CBB88D00D05317 /* RCToolsVideoTests */ = {
			isa = PBXNativeTarget;
			buildConfigurationList = CFCB903819CBB88D00D05317 /* Build configuration list for PBXNativeTarget "RCToolsVideoTests" */;
			buildPhases = (
				CFCB902719CBB88D00D05317 /* Sources */,
				CFCB902819CBB88D00D05317 /* Frameworks */,
				CFCB902919CBB88D00D05317 /* Resources */,
			);
			buildRules = (
			);
			dependencies = (
				CFCB902D19CBB88D00D05317 /* PBXTargetDependency */,
			);
			name = RCToolsVideoTests;
			productName = RCToolsVideoTests;
			productReference = CFCB902B19CBB88D00D05317 /* RCToolsVideoTests.xctest */;
			productType = "com.apple.product-type.bundle.unit-test";
		};
/* End PBXNativeTarget section */

/* Begin PBXProject section */
		CFCB900A19CBB88D00D05317 /* Project object */ = {
			isa = PBXProject;
			attributes = {
				LastUpgradeCheck = 0720;
				ORGANIZATIONNAME = "Zakk Hoyt";
				TargetAttributes = {
					CFCB901119CBB88D00D05317 = {
						CreatedOnToolsVersion = 6.0;
						DevelopmentTeam = J7U74N85YF;
					};
					CFCB902A19CBB88D00D05317 = {
						CreatedOnToolsVersion = 6.0;
						TestTargetID = CFCB901119CBB88D00D05317;
					};
				};
			};
			buildConfigurationList = CFCB900D19CBB88D00D05317 /* Build configuration list for PBXProject "RCToolsVideo" */;
			compatibilityVersion = "Xcode 3.2";
			developmentRegion = English;
			hasScannedForEncodings = 0;
			knownRegions = (
				en,
				Base,
			);
			mainGroup = CFCB900919CBB88D00D05317;
			productRefGroup = CFCB901319CBB88D00D05317 /* Products */;
			projectDirPath = "";
			projectRoot = "";
			targets = (
				CFCB901119CBB88D00D05317 /* RCToolsVideo */,
				CFCB902A19CBB88D00D05317 /* RCToolsVideoTests */,
			);
		};
/* End PBXProject section */

/* Begin PBXResourcesBuildPhase section */
		CFCB901019CBB88D00D05317 /* Resources */ = {
			isa = PBXResourcesBuildPhase;
			buildActionMask = 2147483647;
			files = (
				CFCB902119CBB88D00D05317 /* Main.storyboard in Resources */,
				CF555E7B1B1D40310094BFCD /* TODO in Resources */,
				CFCB902619CBB88D00D05317 /* LaunchScreen.xib in Resources */,
				C655B4F31C350BF4007498A5 /* VWWHUDContainerView.xib in Resources */,
				CFCB902319CBB88D00D05317 /* Images.xcassets in Resources */,
			);
			runOnlyForDeploymentPostprocessing = 0;
		};
		CFCB902919CBB88D00D05317 /* Resources */ = {
			isa = PBXResourcesBuildPhase;
			buildActionMask = 2147483647;
			files = (
			);
			runOnlyForDeploymentPostprocessing = 0;
		};
/* End PBXResourcesBuildPhase section */

/* Begin PBXShellScriptBuildPhase section */
		26DD7CC8670DF3B503247B34 /* Check Pods Manifest.lock */ = {
			isa = PBXShellScriptBuildPhase;
			buildActionMask = 2147483647;
			files = (
			);
			inputPaths = (
			);
			name = "Check Pods Manifest.lock";
			outputPaths = (
			);
			runOnlyForDeploymentPostprocessing = 0;
			shellPath = /bin/sh;
			shellScript = "diff \"${PODS_ROOT}/../Podfile.lock\" \"${PODS_ROOT}/Manifest.lock\" > /dev/null\nif [[ $? != 0 ]] ; then\n    cat << EOM\nerror: The sandbox is not in sync with the Podfile.lock. Run 'pod install' or update your CocoaPods installation.\nEOM\n    exit 1\nfi\n";
			showEnvVarsInLog = 0;
		};
		54F6D1A57129AF2F351E90A3 /* Copy Pods Resources */ = {
			isa = PBXShellScriptBuildPhase;
			buildActionMask = 2147483647;
			files = (
			);
			inputPaths = (
			);
			name = "Copy Pods Resources";
			outputPaths = (
			);
			runOnlyForDeploymentPostprocessing = 0;
			shellPath = /bin/sh;
			shellScript = "\"${SRCROOT}/Pods/Target Support Files/Pods/Pods-resources.sh\"\n";
			showEnvVarsInLog = 0;
		};
/* End PBXShellScriptBuildPhase section */

/* Begin PBXSourcesBuildPhase section */
		CFCB900E19CBB88D00D05317 /* Sources */ = {
			isa = PBXSourcesBuildPhase;
			buildActionMask = 2147483647;
			files = (
				CFD098BB19CBCB9B00C88A76 /* UIView+VWW.m in Sources */,
				CFD098B919CBCB9B00C88A76 /* NSTimer+Blocks.m in Sources */,
				C655B50E1C350C0B007498A5 /* VWWHeadingGridView.m in Sources */,
				CFCB901B19CBB88D00D05317 /* AppDelegate.m in Sources */,
				C655B5071C350C04007498A5 /* VWWHUDWatermarkView.m in Sources */,
				CFCB905119CBB8FB00D05317 /* VWWSessionViewController.m in Sources */,
				CFD0989A19CBCA3B00C88A76 /* VWWTableViewController.m in Sources */,
				C655B4FC1C350BFD007498A5 /* VWWHUDCoordinateView.m in Sources */,
				C655B5081C350C04007498A5 /* VWWHUDForcesView.m in Sources */,
				CF555E751B1AB5220094BFCD /* UIView+RenderToImage.m in Sources */,
				CF555E801B1D4EEF0094BFCD /* VWWAboutViewController.m in Sources */,
				C655B5141C350C1A007498A5 /* VWWHUDAttitudeView.m in Sources */,
				CFD098BE19CBCF0A00C88A76 /* VWWOptionsTableViewController.m in Sources */,
				CF555E741B1AB5220094BFCD /* PHAsset+Utility.m in Sources */,
				CFD0989C19CBCA3B00C88A76 /* VWWUserDefaults.m in Sources */,
				C655B50D1C350C0B007498A5 /* VWWHUDHeadingView.m in Sources */,
				C655B4FB1C350BFD007498A5 /* VWWHUDSpeedView.m in Sources */,
				CFD0989B19CBCA3B00C88A76 /* VWWViewController.m in Sources */,
				CFCB901819CBB88D00D05317 /* main.m in Sources */,
				C655B4F21C350BF4007498A5 /* VWWHUDContainerView.m in Sources */,
				CFD0989919CBCA3B00C88A76 /* VWWTableViewCell.m in Sources */,
				CFD0989D19CBCA3B00C88A76 /* VWWUtilities.m in Sources */,
				CF555E861B1D53B20094BFCD /* UIView+ParallaxMotion.m in Sources */,
				C655B5051C350C04007498A5 /* VWWHUDDateView.m in Sources */,
				C655B5111C350C12007498A5 /* VWWHUDHomeView.m in Sources */,
				C655B5061C350C04007498A5 /* VWWHUDAltitudeView.m in Sources */,
				CFD098BA19CBCB9B00C88A76 /* UIFont+VWW.m in Sources */,
				C655B4FA1C350BFD007498A5 /* VWWHUDView.m in Sources */,
			);
			runOnlyForDeploymentPostprocessing = 0;
		};
		CFCB902719CBB88D00D05317 /* Sources */ = {
			isa = PBXSourcesBuildPhase;
			buildActionMask = 2147483647;
			files = (
				CFCB903219CBB88D00D05317 /* RCToolsVideoTests.m in Sources */,
			);
			runOnlyForDeploymentPostprocessing = 0;
		};
/* End PBXSourcesBuildPhase section */

/* Begin PBXTargetDependency section */
		CFCB902D19CBB88D00D05317 /* PBXTargetDependency */ = {
			isa = PBXTargetDependency;
			target = CFCB901119CBB88D00D05317 /* RCToolsVideo */;
			targetProxy = CFCB902C19CBB88D00D05317 /* PBXContainerItemProxy */;
		};
/* End PBXTargetDependency section */

/* Begin PBXVariantGroup section */
		CFCB901F19CBB88D00D05317 /* Main.storyboard */ = {
			isa = PBXVariantGroup;
			children = (
				CFCB902019CBB88D00D05317 /* Base */,
			);
			name = Main.storyboard;
			sourceTree = "<group>";
		};
		CFCB902419CBB88D00D05317 /* LaunchScreen.xib */ = {
			isa = PBXVariantGroup;
			children = (
				CFCB902519CBB88D00D05317 /* Base */,
			);
			name = LaunchScreen.xib;
			sourceTree = "<group>";
		};
/* End PBXVariantGroup section */

/* Begin XCBuildConfiguration section */
		CFCB903319CBB88D00D05317 /* Debug */ = {
			isa = XCBuildConfiguration;
			buildSettings = {
				ALWAYS_SEARCH_USER_PATHS = NO;
				CLANG_CXX_LANGUAGE_STANDARD = "gnu++0x";
				CLANG_CXX_LIBRARY = "libc++";
				CLANG_ENABLE_MODULES = YES;
				CLANG_ENABLE_OBJC_ARC = YES;
				CLANG_WARN_BOOL_CONVERSION = YES;
				CLANG_WARN_CONSTANT_CONVERSION = YES;
				CLANG_WARN_DIRECT_OBJC_ISA_USAGE = YES_ERROR;
				CLANG_WARN_EMPTY_BODY = YES;
				CLANG_WARN_ENUM_CONVERSION = YES;
				CLANG_WARN_INT_CONVERSION = YES;
				CLANG_WARN_OBJC_ROOT_CLASS = YES_ERROR;
				CLANG_WARN_UNREACHABLE_CODE = YES;
				CLANG_WARN__DUPLICATE_METHOD_MATCH = YES;
				CODE_SIGN_IDENTITY = "iPhone Developer: zakk hoyt (65NJ4ZPC44)";
				"CODE_SIGN_IDENTITY[sdk=iphoneos*]" = "iPhone Developer: zakk hoyt (65NJ4ZPC44)";
				COPY_PHASE_STRIP = NO;
				ENABLE_STRICT_OBJC_MSGSEND = YES;
				ENABLE_TESTABILITY = YES;
				GCC_C_LANGUAGE_STANDARD = gnu99;
				GCC_DYNAMIC_NO_PIC = NO;
				GCC_OPTIMIZATION_LEVEL = 0;
				GCC_PREPROCESSOR_DEFINITIONS = (
					"DEBUG=1",
					"$(inherited)",
				);
				GCC_SYMBOLS_PRIVATE_EXTERN = NO;
				GCC_WARN_64_TO_32_BIT_CONVERSION = YES;
				GCC_WARN_ABOUT_RETURN_TYPE = YES_ERROR;
				GCC_WARN_UNDECLARED_SELECTOR = YES;
				GCC_WARN_UNINITIALIZED_AUTOS = YES_AGGRESSIVE;
				GCC_WARN_UNUSED_FUNCTION = YES;
				GCC_WARN_UNUSED_VARIABLE = YES;
				IPHONEOS_DEPLOYMENT_TARGET = 8.0;
				MTL_ENABLE_DEBUG_INFO = YES;
				ONLY_ACTIVE_ARCH = YES;
				PROVISIONING_PROFILE = "85fdb32d-59ab-4901-86b9-9902360a6ce1";
				SDKROOT = iphoneos;
			};
			name = Debug;
		};
		CFCB903419CBB88D00D05317 /* Release */ = {
			isa = XCBuildConfiguration;
			buildSettings = {
				ALWAYS_SEARCH_USER_PATHS = NO;
				CLANG_CXX_LANGUAGE_STANDARD = "gnu++0x";
				CLANG_CXX_LIBRARY = "libc++";
				CLANG_ENABLE_MODULES = YES;
				CLANG_ENABLE_OBJC_ARC = YES;
				CLANG_WARN_BOOL_CONVERSION = YES;
				CLANG_WARN_CONSTANT_CONVERSION = YES;
				CLANG_WARN_DIRECT_OBJC_ISA_USAGE = YES_ERROR;
				CLANG_WARN_EMPTY_BODY = YES;
				CLANG_WARN_ENUM_CONVERSION = YES;
				CLANG_WARN_INT_CONVERSION = YES;
				CLANG_WARN_OBJC_ROOT_CLASS = YES_ERROR;
				CLANG_WARN_UNREACHABLE_CODE = YES;
				CLANG_WARN__DUPLICATE_METHOD_MATCH = YES;
				CODE_SIGN_IDENTITY = "iPhone Developer: zakk hoyt (65NJ4ZPC44)";
				"CODE_SIGN_IDENTITY[sdk=iphoneos*]" = "iPhone Developer: zakk hoyt (65NJ4ZPC44)";
				COPY_PHASE_STRIP = YES;
				ENABLE_NS_ASSERTIONS = NO;
				ENABLE_STRICT_OBJC_MSGSEND = YES;
				GCC_C_LANGUAGE_STANDARD = gnu99;
				GCC_WARN_64_TO_32_BIT_CONVERSION = YES;
				GCC_WARN_ABOUT_RETURN_TYPE = YES_ERROR;
				GCC_WARN_UNDECLARED_SELECTOR = YES;
				GCC_WARN_UNINITIALIZED_AUTOS = YES_AGGRESSIVE;
				GCC_WARN_UNUSED_FUNCTION = YES;
				GCC_WARN_UNUSED_VARIABLE = YES;
				IPHONEOS_DEPLOYMENT_TARGET = 8.0;
				MTL_ENABLE_DEBUG_INFO = NO;
				PROVISIONING_PROFILE = "85fdb32d-59ab-4901-86b9-9902360a6ce1";
				SDKROOT = iphoneos;
				VALIDATE_PRODUCT = YES;
			};
			name = Release;
		};
		CFCB903619CBB88D00D05317 /* Debug */ = {
			isa = XCBuildConfiguration;
			baseConfigurationReference = 1CBBD9B6CD0C841A86702E8E /* Pods.debug.xcconfig */;
			buildSettings = {
				ASSETCATALOG_COMPILER_APPICON_NAME = AppIcon;
				CODE_SIGN_IDENTITY = "iPhone Developer";
				"CODE_SIGN_IDENTITY[sdk=iphoneos*]" = "iPhone Developer";
				HEADER_SEARCH_PATHS = (
					"$(inherited)",
					/Applications/Xcode.app/Contents/Developer/Toolchains/XcodeDefault.xctoolchain/usr/include,
					"GPUImage/**",
				);
				INFOPLIST_FILE = RCToolsVideo/Info.plist;
				IPHONEOS_DEPLOYMENT_TARGET = 9.0;
				LD_RUNPATH_SEARCH_PATHS = "$(inherited) @executable_path/Frameworks";
				PRODUCT_BUNDLE_IDENTIFIER = com.vaporwarewolf.rctoolsvideo;
				PRODUCT_NAME = "$(TARGET_NAME)";
				PROVISIONING_PROFILE = "";
			};
			name = Debug;
		};
		CFCB903719CBB88D00D05317 /* Release */ = {
			isa = XCBuildConfiguration;
			baseConfigurationReference = E55DB198D6EB8B40550DAAF6 /* Pods.release.xcconfig */;
			buildSettings = {
				ASSETCATALOG_COMPILER_APPICON_NAME = AppIcon;
				CODE_SIGN_IDENTITY = "iPhone Developer";
				"CODE_SIGN_IDENTITY[sdk=iphoneos*]" = "iPhone Developer";
				HEADER_SEARCH_PATHS = (
					"$(inherited)",
					/Applications/Xcode.app/Contents/Developer/Toolchains/XcodeDefault.xctoolchain/usr/include,
					"GPUImage/**",
				);
				INFOPLIST_FILE = RCToolsVideo/Info.plist;
				IPHONEOS_DEPLOYMENT_TARGET = 9.0;
				LD_RUNPATH_SEARCH_PATHS = "$(inherited) @executable_path/Frameworks";
				PRODUCT_BUNDLE_IDENTIFIER = com.vaporwarewolf.rctoolsvideo;
				PRODUCT_NAME = "$(TARGET_NAME)";
				PROVISIONING_PROFILE = "";
			};
			name = Release;
		};
		CFCB903919CBB88D00D05317 /* Debug */ = {
			isa = XCBuildConfiguration;
			buildSettings = {
				BUNDLE_LOADER = "$(TEST_HOST)";
				CODE_SIGN_IDENTITY = "iPhone Developer";
				FRAMEWORK_SEARCH_PATHS = (
					"$(SDKROOT)/Developer/Library/Frameworks",
					"$(inherited)",
				);
				GCC_PREPROCESSOR_DEFINITIONS = (
					"DEBUG=1",
					"$(inherited)",
				);
				INFOPLIST_FILE = RCToolsVideoTests/Info.plist;
				LD_RUNPATH_SEARCH_PATHS = "$(inherited) @executable_path/Frameworks @loader_path/Frameworks";
				PRODUCT_BUNDLE_IDENTIFIER = "VaporWareWolf-Software.$(PRODUCT_NAME:rfc1034identifier)";
				PRODUCT_NAME = "$(TARGET_NAME)";
				PROVISIONING_PROFILE = "";
				TEST_HOST = "$(BUILT_PRODUCTS_DIR)/RCToolsVideo.app/RCToolsVideo";
			};
			name = Debug;
		};
		CFCB903A19CBB88D00D05317 /* Release */ = {
			isa = XCBuildConfiguration;
			buildSettings = {
				BUNDLE_LOADER = "$(TEST_HOST)";
				CODE_SIGN_IDENTITY = "iPhone Developer";
				"CODE_SIGN_IDENTITY[sdk=iphoneos*]" = "iPhone Developer";
				FRAMEWORK_SEARCH_PATHS = (
					"$(SDKROOT)/Developer/Library/Frameworks",
					"$(inherited)",
				);
				INFOPLIST_FILE = RCToolsVideoTests/Info.plist;
				LD_RUNPATH_SEARCH_PATHS = "$(inherited) @executable_path/Frameworks @loader_path/Frameworks";
				PRODUCT_BUNDLE_IDENTIFIER = "VaporWareWolf-Software.$(PRODUCT_NAME:rfc1034identifier)";
				PRODUCT_NAME = "$(TARGET_NAME)";
				PROVISIONING_PROFILE = "";
				TEST_HOST = "$(BUILT_PRODUCTS_DIR)/RCToolsVideo.app/RCToolsVideo";
			};
			name = Release;
		};
/* End XCBuildConfiguration section */

/* Begin XCConfigurationList section */
		CFCB900D19CBB88D00D05317 /* Build configuration list for PBXProject "RCToolsVideo" */ = {
			isa = XCConfigurationList;
			buildConfigurations = (
				CFCB903319CBB88D00D05317 /* Debug */,
				CFCB903419CBB88D00D05317 /* Release */,
			);
			defaultConfigurationIsVisible = 0;
			defaultConfigurationName = Release;
		};
		CFCB903519CBB88D00D05317 /* Build configuration list for PBXNativeTarget "RCToolsVideo" */ = {
			isa = XCConfigurationList;
			buildConfigurations = (
				CFCB903619CBB88D00D05317 /* Debug */,
				CFCB903719CBB88D00D05317 /* Release */,
			);
			defaultConfigurationIsVisible = 0;
			defaultConfigurationName = Release;
		};
		CFCB903819CBB88D00D05317 /* Build configuration list for PBXNativeTarget "RCToolsVideoTests" */ = {
			isa = XCConfigurationList;
			buildConfigurations = (
				CFCB903919CBB88D00D05317 /* Debug */,
				CFCB903A19CBB88D00D05317 /* Release */,
			);
			defaultConfigurationIsVisible = 0;
			defaultConfigurationName = Release;
		};
/* End XCConfigurationList section */
	};
	rootObject = CFCB900A19CBB88D00D05317 /* Project object */;
}
